
Microsoft Visual Studio Solution File, Format Version 12.00
# Visual Studio 15
VisualStudioVersion = 15.0.27703.2018
MinimumVisualStudioVersion = 10.0.40219.1
Project("{FAE04EC0-301F-11D3-BF4B-00C04F79EFBC}") = "Biocare.Web", "Biocare.Web\Biocare.Web.csproj", "{19A36ED8-B8EE-4450-AA93-BAB162EC341F}"
EndProject
Global
	GlobalSection(SolutionConfigurationPlatforms) = preSolution
		Debug|Any CPU = Debug|Any CPU
		Release|Any CPU = Release|Any CPU
	EndGlobalSection
	GlobalSection(ProjectConfigurationPlatforms) = postSolution
		{19A36ED8-B8EE-4450-AA93-BAB162EC341F}.Debug|Any CPU.ActiveCfg = Debug|Any CPU
		{19A36ED8-B8EE-4450-AA93-BAB162EC341F}.Debug|Any CPU.Build.0 = Debug|Any CPU
		{19A36ED8-B8EE-4450-AA93-BAB162EC341F}.Release|Any CPU.ActiveCfg = Release|Any CPU
		{19A36ED8-B8EE-4450-AA93-BAB162EC341F}.Release|Any CPU.Build.0 = Release|Any CPU
	EndGlobalSection
	GlobalSection(SolutionProperties) = preSolution
		HideSolutionNode = FALSE
	EndGlobalSection
	GlobalSection(ExtensibilityGlobals) = postSolution
		SolutionGuid = {BA997DB0-30B8-4656-B045-F94ABFEC560C}
	EndGlobalSection
EndGlobal
